// !$*UTF8*$!
{
	archiveVersion = 1;
	classes = {
	};
	objectVersion = 56;
	objects = {

/* Begin PBXBuildFile section */
		96E84BCC2F272E4800B612F2 /* SwiftTerm in Frameworks */ = {isa = PBXBuildFile; productRef = 96E84BCB2F272E4800B612F2 /* SwiftTerm */; };
		96E84BCE2F272E6F00B612F2 /* Terminal.swift in Sources */ = {isa = PBXBuildFile; fileRef = 96E84BCD2F272E6F00B612F2 /* Terminal.swift */; };
		96E84BD82F272EE700B612F2 /* SwiftTermWrapper.swift in Sources */ = {isa = PBXBuildFile; fileRef = 96E84BD42F272EE700B612F2 /* SwiftTermWrapper.swift */; };
		96E84BD92F272EE700B612F2 /* TerminalListView.swift in Sources */ = {isa = PBXBuildFile; fileRef = 96E84BD52F272EE700B612F2 /* TerminalListView.swift */; };
		96E84BDA2F272EE700B612F2 /* TerminalView.swift in Sources */ = {isa = PBXBuildFile; fileRef = 96E84BD62F272EE700B612F2 /* TerminalView.swift */; };
		A100000000000001 /* XTermWebView.swift in Sources */ = {isa = PBXBuildFile; fileRef = A200000000000001 /* XTermWebView.swift */; };
		A100000000000002 /* xterm.html in Resources */ = {isa = PBXBuildFile; fileRef = A200000000000002 /* xterm.html */; };
		B100000000000003 /* SyntaxHighlight in Frameworks */ = {isa = PBXBuildFile; productRef = B100000000000002 /* SyntaxHighlight */; };
		C000000000000001 /* SyntaxHighlightManager.swift in Sources */ = {isa = PBXBuildFile; fileRef = C100000000000001 /* SyntaxHighlightManager.swift */; };
		C000000000000002 /* HighlightedCodeView.swift in Sources */ = {isa = PBXBuildFile; fileRef = C100000000000002 /* HighlightedCodeView.swift */; };
		C000000000000003 /* SyntaxSettingsView.swift in Sources */ = {isa = PBXBuildFile; fileRef = C100000000000003 /* SyntaxSettingsView.swift */; };
		C000000000000004 /* MarkdownPreviewView.swift in Sources */ = {isa = PBXBuildFile; fileRef = C100000000000004 /* MarkdownPreviewView.swift */; };
		C000000000000010 /* Grammars in Resources */ = {isa = PBXBuildFile; fileRef = C100000000000010 /* Grammars */; };
		C000000000000011 /* Themes in Resources */ = {isa = PBXBuildFile; fileRef = C100000000000011 /* Themes */; };
		D000000000000001 /* FloatingTabBar.swift in Sources */ = {isa = PBXBuildFile; fileRef = D100000000000001 /* FloatingTabBar.swift */; };
		D000000000000002 /* ToastView.swift in Sources */ = {isa = PBXBuildFile; fileRef = D100000000000002 /* ToastView.swift */; };
		E000000000000020 /* AppIconForest@2x.png in Resources */ = {isa = PBXBuildFile; fileRef = E100000000000020 /* AppIconForest@2x.png */; };
		E000000000000021 /* AppIconForest@3x.png in Resources */ = {isa = PBXBuildFile; fileRef = E100000000000021 /* AppIconForest@3x.png */; };
		E000000000000022 /* AppIconDesert@2x.png in Resources */ = {isa = PBXBuildFile; fileRef = E100000000000022 /* AppIconDesert@2x.png */; };
		E000000000000023 /* AppIconDesert@3x.png in Resources */ = {isa = PBXBuildFile; fileRef = E100000000000023 /* AppIconDesert@3x.png */; };
		E000000000000024 /* AppIconMono@2x.png in Resources */ = {isa = PBXBuildFile; fileRef = E100000000000024 /* AppIconMono@2x.png */; };
		E000000000000025 /* AppIconMono@3x.png in Resources */ = {isa = PBXBuildFile; fileRef = E100000000000025 /* AppIconMono@3x.png */; };
		E000000000000026 /* AppIconNight@2x.png in Resources */ = {isa = PBXBuildFile; fileRef = E100000000000026 /* AppIconNight@2x.png */; };
		E000000000000027 /* AppIconNight@3x.png in Resources */ = {isa = PBXBuildFile; fileRef = E100000000000027 /* AppIconNight@3x.png */; };
		F000000000000001 /* CursorMobileApp.swift in Sources */ = {isa = PBXBuildFile; fileRef = F100000000000001 /* CursorMobileApp.swift */; };
		F000000000000002 /* ContentView.swift in Sources */ = {isa = PBXBuildFile; fileRef = F100000000000002 /* ContentView.swift */; };
		F000000000000003 /* Assets.xcassets in Resources */ = {isa = PBXBuildFile; fileRef = F100000000000003 /* Assets.xcassets */; };
		F000000000000004 /* MainTabView.swift in Sources */ = {isa = PBXBuildFile; fileRef = F100000000000004 /* MainTabView.swift */; };
		F000000000000005 /* Project.swift in Sources */ = {isa = PBXBuildFile; fileRef = F100000000000005 /* Project.swift */; };
		F000000000000006 /* FileItem.swift in Sources */ = {isa = PBXBuildFile; fileRef = F100000000000006 /* FileItem.swift */; };
		F000000000000007 /* Conversation.swift in Sources */ = {isa = PBXBuildFile; fileRef = F100000000000007 /* Conversation.swift */; };
		F000000000000008 /* SystemInfo.swift in Sources */ = {isa = PBXBuildFile; fileRef = F100000000000008 /* SystemInfo.swift */; };
		F000000000000009 /* AuthManager.swift in Sources */ = {isa = PBXBuildFile; fileRef = F100000000000009 /* AuthManager.swift */; };
		F000000000000010 /* APIService.swift in Sources */ = {isa = PBXBuildFile; fileRef = F100000000000010 /* APIService.swift */; };
		F000000000000011 /* WebSocketManager.swift in Sources */ = {isa = PBXBuildFile; fileRef = F100000000000011 /* WebSocketManager.swift */; };
		F000000000000012 /* LoginView.swift in Sources */ = {isa = PBXBuildFile; fileRef = F100000000000012 /* LoginView.swift */; };
		F000000000000013 /* QRScannerView.swift in Sources */ = {isa = PBXBuildFile; fileRef = F100000000000013 /* QRScannerView.swift */; };
		F000000000000014 /* ProjectsView.swift in Sources */ = {isa = PBXBuildFile; fileRef = F100000000000014 /* ProjectsView.swift */; };
		F000000000000015 /* ProjectDetailView.swift in Sources */ = {isa = PBXBuildFile; fileRef = F100000000000015 /* ProjectDetailView.swift */; };
		F000000000000017 /* FileViewerSheet.swift in Sources */ = {isa = PBXBuildFile; fileRef = F100000000000017 /* FileViewerSheet.swift */; };
		F000000000000019 /* SettingsView.swift in Sources */ = {isa = PBXBuildFile; fileRef = F100000000000019 /* SettingsView.swift */; };
		F000000000000020 /* CommonViews.swift in Sources */ = {isa = PBXBuildFile; fileRef = F100000000000020 /* CommonViews.swift */; };
		F000000000000021 /* ProjectFilesView.swift in Sources */ = {isa = PBXBuildFile; fileRef = F100000000000022 /* ProjectFilesView.swift */; };
		F000000000000024 /* ProjectSelectionDrawer.swift in Sources */ = {isa = PBXBuildFile; fileRef = F100000000000024 /* ProjectSelectionDrawer.swift */; };
		D000000000000003 /* FolderBrowserSheet.swift in Sources */ = {isa = PBXBuildFile; fileRef = D100000000000003 /* FolderBrowserSheet.swift */; };
		F000000000000025 /* GitInfo.swift in Sources */ = {isa = PBXBuildFile; fileRef = F100000000000025 /* GitInfo.swift */; };
		F000000000000026 /* GitView.swift in Sources */ = {isa = PBXBuildFile; fileRef = F100000000000026 /* GitView.swift */; };
		F000000000000027 /* GitCommitSheet.swift in Sources */ = {isa = PBXBuildFile; fileRef = F100000000000027 /* GitCommitSheet.swift */; };
		F000000000000028 /* GitBranchSheet.swift in Sources */ = {isa = PBXBuildFile; fileRef = F100000000000028 /* GitBranchSheet.swift */; };
		F000000000000029 /* GitDiffSheet.swift in Sources */ = {isa = PBXBuildFile; fileRef = F100000000000029 /* GitDiffSheet.swift */; };
		F00000000000002A /* GitRepoSection.swift in Sources */ = {isa = PBXBuildFile; fileRef = F10000000000002A /* GitRepoSection.swift */; };
		F00000000000002B /* GitFilterSettings.swift in Sources */ = {isa = PBXBuildFile; fileRef = F10000000000002B /* GitFilterSettings.swift */; };
		F00000000000002C /* GitFilterSheet.swift in Sources */ = {isa = PBXBuildFile; fileRef = F10000000000002C /* GitFilterSheet.swift */; };
		F00000000000002D /* GitGraphView.swift in Sources */ = {isa = PBXBuildFile; fileRef = F10000000000002D /* GitGraphView.swift */; };
		F00000000000002E /* GitCommitDetailSheet.swift in Sources */ = {isa = PBXBuildFile; fileRef = F10000000000002E /* GitCommitDetailSheet.swift */; };
		F000000000000038 /* ImagePicker.swift in Sources */ = {isa = PBXBuildFile; fileRef = F100000000000038 /* ImagePicker.swift */; };
		F000000000000080 /* DocumentPicker.swift in Sources */ = {isa = PBXBuildFile; fileRef = F100000000000080 /* DocumentPicker.swift */; };
		F000000000000039 /* FileComponents.swift in Sources */ = {isa = PBXBuildFile; fileRef = F100000000000039 /* FileComponents.swift */; };
		F000000000000040 /* CacheManager.swift in Sources */ = {isa = PBXBuildFile; fileRef = F100000000000040 /* CacheManager.swift */; };
		F000000000000041 /* ThemeManager.swift in Sources */ = {isa = PBXBuildFile; fileRef = F100000000000041 /* ThemeManager.swift */; };
		F000000000000043 /* SavedHostsManager.swift in Sources */ = {isa = PBXBuildFile; fileRef = F100000000000043 /* SavedHostsManager.swift */; };
		F000000000000050 /* Suggestion.swift in Sources */ = {isa = PBXBuildFile; fileRef = F100000000000050 /* Suggestion.swift */; };
		F000000000000051 /* SuggestionOverlay.swift in Sources */ = {isa = PBXBuildFile; fileRef = F100000000000051 /* SuggestionOverlay.swift */; };
		F000000000000070 /* LogManager.swift in Sources */ = {isa = PBXBuildFile; fileRef = F100000000000070 /* LogManager.swift */; };
		F000000000000071 /* LogViewerView.swift in Sources */ = {isa = PBXBuildFile; fileRef = F100000000000071 /* LogViewerView.swift */; };
		F000000000000090 /* ImageViewerView.swift in Sources */ = {isa = PBXBuildFile; fileRef = F100000000000090 /* ImageViewerView.swift */; };
		F000000000000091 /* VideoPlayerView.swift in Sources */ = {isa = PBXBuildFile; fileRef = F100000000000091 /* VideoPlayerView.swift */; };
		F000000000000092 /* AudioPlayerView.swift in Sources */ = {isa = PBXBuildFile; fileRef = F100000000000092 /* AudioPlayerView.swift */; };
		F000000000000093 /* BinaryFileView.swift in Sources */ = {isa = PBXBuildFile; fileRef = F100000000000093 /* BinaryFileView.swift */; };
		F000000000000094 /* PDFViewerView.swift in Sources */ = {isa = PBXBuildFile; fileRef = F100000000000094 /* PDFViewerView.swift */; };
		G000000000000001 /* ContentBlock.swift in Sources */ = {isa = PBXBuildFile; fileRef = G100000000000001 /* ContentBlock.swift */; };
		H000000000000001 /* Agent.swift in Sources */ = {isa = PBXBuildFile; fileRef = H100000000000001 /* Agent.swift */; };
		H000000000000002 /* ChatManager.swift in Sources */ = {isa = PBXBuildFile; fileRef = H100000000000002 /* ChatManager.swift */; };
		H000000000000003 /* ChatTabView.swift in Sources */ = {isa = PBXBuildFile; fileRef = H100000000000003 /* ChatTabView.swift */; };
		H000000000000004 /* ChatListView.swift in Sources */ = {isa = PBXBuildFile; fileRef = H100000000000004 /* ChatListView.swift */; };
		H000000000000005 /* ChatSessionView.swift in Sources */ = {isa = PBXBuildFile; fileRef = H100000000000005 /* ChatSessionView.swift */; };
		H000000000000006 /* ChatInputBar.swift in Sources */ = {isa = PBXBuildFile; fileRef = H100000000000006 /* ChatInputBar.swift */; };
		H000000000000007 /* ChatMessageView.swift in Sources */ = {isa = PBXBuildFile; fileRef = H100000000000007 /* ChatMessageView.swift */; };
		H000000000000008 /* ToolCallBlockView.swift in Sources */ = {isa = PBXBuildFile; fileRef = H100000000000008 /* ToolCallBlockView.swift */; };
		H000000000000009 /* ChatMarkdownView.swift in Sources */ = {isa = PBXBuildFile; fileRef = H100000000000009 /* ChatMarkdownView.swift */; };
		H00000000000000A /* ChatModePickerView.swift in Sources */ = {isa = PBXBuildFile; fileRef = H10000000000000A /* ChatModePickerView.swift */; };
		H00000000000000B /* NewChatSheet.swift in Sources */ = {isa = PBXBuildFile; fileRef = H10000000000000B /* NewChatSheet.swift */; };
		H00000000000000C /* ConversationManagementSheet.swift in Sources */ = {isa = PBXBuildFile; fileRef = H10000000000000C /* ConversationManagementSheet.swift */; };
		H00000000000000D /* BatchApprovalView.swift in Sources */ = {isa = PBXBuildFile; fileRef = H10000000000000D /* BatchApprovalView.swift */; };
/* End PBXBuildFile section */

/* Begin PBXFileReference section */
		96E84BCD2F272E6F00B612F2 /* Terminal.swift */ = {isa = PBXFileReference; lastKnownFileType = sourcecode.swift; path = Terminal.swift; sourceTree = "<group>"; };
		96E84BD42F272EE700B612F2 /* SwiftTermWrapper.swift */ = {isa = PBXFileReference; lastKnownFileType = sourcecode.swift; path = SwiftTermWrapper.swift; sourceTree = "<group>"; };
		96E84BD52F272EE700B612F2 /* TerminalListView.swift */ = {isa = PBXFileReference; lastKnownFileType = sourcecode.swift; path = TerminalListView.swift; sourceTree = "<group>"; };
		96E84BD62F272EE700B612F2 /* TerminalView.swift */ = {isa = PBXFileReference; lastKnownFileType = sourcecode.swift; path = TerminalView.swift; sourceTree = "<group>"; };
		A200000000000001 /* XTermWebView.swift */ = {isa = PBXFileReference; lastKnownFileType = sourcecode.swift; path = XTermWebView.swift; sourceTree = "<group>"; };
		A200000000000002 /* xterm.html */ = {isa = PBXFileReference; lastKnownFileType = text.html; path = xterm.html; sourceTree = "<group>"; };
		C100000000000001 /* SyntaxHighlightManager.swift */ = {isa = PBXFileReference; lastKnownFileType = sourcecode.swift; path = SyntaxHighlightManager.swift; sourceTree = "<group>"; };
		C100000000000002 /* HighlightedCodeView.swift */ = {isa = PBXFileReference; lastKnownFileType = sourcecode.swift; path = HighlightedCodeView.swift; sourceTree = "<group>"; };
		C100000000000003 /* SyntaxSettingsView.swift */ = {isa = PBXFileReference; lastKnownFileType = sourcecode.swift; path = SyntaxSettingsView.swift; sourceTree = "<group>"; };
		C100000000000004 /* MarkdownPreviewView.swift */ = {isa = PBXFileReference; lastKnownFileType = sourcecode.swift; path = MarkdownPreviewView.swift; sourceTree = "<group>"; };
		C100000000000010 /* Grammars */ = {isa = PBXFileReference; lastKnownFileType = folder; path = Grammars; sourceTree = "<group>"; };
		C100000000000011 /* Themes */ = {isa = PBXFileReference; lastKnownFileType = folder; path = Themes; sourceTree = "<group>"; };
		D100000000000001 /* FloatingTabBar.swift */ = {isa = PBXFileReference; lastKnownFileType = sourcecode.swift; path = FloatingTabBar.swift; sourceTree = "<group>"; };
		D100000000000002 /* ToastView.swift */ = {isa = PBXFileReference; lastKnownFileType = sourcecode.swift; path = ToastView.swift; sourceTree = "<group>"; };
		E100000000000020 /* AppIconForest@2x.png */ = {isa = PBXFileReference; lastKnownFileType = image.png; path = "AppIconForest@2x.png"; sourceTree = "<group>"; };
		E100000000000021 /* AppIconForest@3x.png */ = {isa = PBXFileReference; lastKnownFileType = image.png; path = "AppIconForest@3x.png"; sourceTree = "<group>"; };
		E100000000000022 /* AppIconDesert@2x.png */ = {isa = PBXFileReference; lastKnownFileType = image.png; path = "AppIconDesert@2x.png"; sourceTree = "<group>"; };
		E100000000000023 /* AppIconDesert@3x.png */ = {isa = PBXFileReference; lastKnownFileType = image.png; path = "AppIconDesert@3x.png"; sourceTree = "<group>"; };
		E100000000000024 /* AppIconMono@2x.png */ = {isa = PBXFileReference; lastKnownFileType = image.png; path = "AppIconMono@2x.png"; sourceTree = "<group>"; };
		E100000000000025 /* AppIconMono@3x.png */ = {isa = PBXFileReference; lastKnownFileType = image.png; path = "AppIconMono@3x.png"; sourceTree = "<group>"; };
		E100000000000026 /* AppIconNight@2x.png */ = {isa = PBXFileReference; lastKnownFileType = image.png; path = "AppIconNight@2x.png"; sourceTree = "<group>"; };
		E100000000000027 /* AppIconNight@3x.png */ = {isa = PBXFileReference; lastKnownFileType = image.png; path = "AppIconNight@3x.png"; sourceTree = "<group>"; };
		F100000000000000 /* CursorMobile.app */ = {isa = PBXFileReference; explicitFileType = wrapper.application; includeInIndex = 0; path = CursorMobile.app; sourceTree = BUILT_PRODUCTS_DIR; };
		F100000000000001 /* CursorMobileApp.swift */ = {isa = PBXFileReference; lastKnownFileType = sourcecode.swift; path = CursorMobileApp.swift; sourceTree = "<group>"; };
		F100000000000002 /* ContentView.swift */ = {isa = PBXFileReference; lastKnownFileType = sourcecode.swift; path = ContentView.swift; sourceTree = "<group>"; };
		F100000000000003 /* Assets.xcassets */ = {isa = PBXFileReference; lastKnownFileType = folder.assetcatalog; path = Assets.xcassets; sourceTree = "<group>"; };
		F100000000000004 /* MainTabView.swift */ = {isa = PBXFileReference; lastKnownFileType = sourcecode.swift; path = MainTabView.swift; sourceTree = "<group>"; };
		F100000000000005 /* Project.swift */ = {isa = PBXFileReference; lastKnownFileType = sourcecode.swift; path = Project.swift; sourceTree = "<group>"; };
		F100000000000006 /* FileItem.swift */ = {isa = PBXFileReference; lastKnownFileType = sourcecode.swift; path = FileItem.swift; sourceTree = "<group>"; };
		F100000000000007 /* Conversation.swift */ = {isa = PBXFileReference; lastKnownFileType = sourcecode.swift; path = Conversation.swift; sourceTree = "<group>"; };
		F100000000000008 /* SystemInfo.swift */ = {isa = PBXFileReference; lastKnownFileType = sourcecode.swift; path = SystemInfo.swift; sourceTree = "<group>"; };
		F100000000000009 /* AuthManager.swift */ = {isa = PBXFileReference; lastKnownFileType = sourcecode.swift; path = AuthManager.swift; sourceTree = "<group>"; };
		F100000000000010 /* APIService.swift */ = {isa = PBXFileReference; lastKnownFileType = sourcecode.swift; path = APIService.swift; sourceTree = "<group>"; };
		F100000000000011 /* WebSocketManager.swift */ = {isa = PBXFileReference; lastKnownFileType = sourcecode.swift; path = WebSocketManager.swift; sourceTree = "<group>"; };
		F100000000000012 /* LoginView.swift */ = {isa = PBXFileReference; lastKnownFileType = sourcecode.swift; path = LoginView.swift; sourceTree = "<group>"; };
		F100000000000013 /* QRScannerView.swift */ = {isa = PBXFileReference; lastKnownFileType = sourcecode.swift; path = QRScannerView.swift; sourceTree = "<group>"; };
		F100000000000014 /* ProjectsView.swift */ = {isa = PBXFileReference; lastKnownFileType = sourcecode.swift; path = ProjectsView.swift; sourceTree = "<group>"; };
		F100000000000015 /* ProjectDetailView.swift */ = {isa = PBXFileReference; lastKnownFileType = sourcecode.swift; path = ProjectDetailView.swift; sourceTree = "<group>"; };
		F100000000000017 /* FileViewerSheet.swift */ = {isa = PBXFileReference; lastKnownFileType = sourcecode.swift; path = FileViewerSheet.swift; sourceTree = "<group>"; };
		F100000000000019 /* SettingsView.swift */ = {isa = PBXFileReference; lastKnownFileType = sourcecode.swift; path = SettingsView.swift; sourceTree = "<group>"; };
		F100000000000020 /* CommonViews.swift */ = {isa = PBXFileReference; lastKnownFileType = sourcecode.swift; path = CommonViews.swift; sourceTree = "<group>"; };
		F100000000000021 /* Info.plist */ = {isa = PBXFileReference; lastKnownFileType = text.plist.xml; path = Info.plist; sourceTree = "<group>"; };
		F100000000000022 /* ProjectFilesView.swift */ = {isa = PBXFileReference; lastKnownFileType = sourcecode.swift; path = ProjectFilesView.swift; sourceTree = "<group>"; };
		F100000000000024 /* ProjectSelectionDrawer.swift */ = {isa = PBXFileReference; lastKnownFileType = sourcecode.swift; path = ProjectSelectionDrawer.swift; sourceTree = "<group>"; };
		D100000000000003 /* FolderBrowserSheet.swift */ = {isa = PBXFileReference; lastKnownFileType = sourcecode.swift; path = FolderBrowserSheet.swift; sourceTree = "<group>"; };
		F100000000000025 /* GitInfo.swift */ = {isa = PBXFileReference; lastKnownFileType = sourcecode.swift; path = GitInfo.swift; sourceTree = "<group>"; };
		F100000000000026 /* GitView.swift */ = {isa = PBXFileReference; lastKnownFileType = sourcecode.swift; path = GitView.swift; sourceTree = "<group>"; };
		F100000000000027 /* GitCommitSheet.swift */ = {isa = PBXFileReference; lastKnownFileType = sourcecode.swift; path = GitCommitSheet.swift; sourceTree = "<group>"; };
		F100000000000028 /* GitBranchSheet.swift */ = {isa = PBXFileReference; lastKnownFileType = sourcecode.swift; path = GitBranchSheet.swift; sourceTree = "<group>"; };
		F100000000000029 /* GitDiffSheet.swift */ = {isa = PBXFileReference; lastKnownFileType = sourcecode.swift; path = GitDiffSheet.swift; sourceTree = "<group>"; };
		F10000000000002A /* GitRepoSection.swift */ = {isa = PBXFileReference; lastKnownFileType = sourcecode.swift; path = GitRepoSection.swift; sourceTree = "<group>"; };
		F10000000000002B /* GitFilterSettings.swift */ = {isa = PBXFileReference; lastKnownFileType = sourcecode.swift; path = GitFilterSettings.swift; sourceTree = "<group>"; };
		F10000000000002C /* GitFilterSheet.swift */ = {isa = PBXFileReference; lastKnownFileType = sourcecode.swift; path = GitFilterSheet.swift; sourceTree = "<group>"; };
		F10000000000002D /* GitGraphView.swift */ = {isa = PBXFileReference; lastKnownFileType = sourcecode.swift; path = GitGraphView.swift; sourceTree = "<group>"; };
		F10000000000002E /* GitCommitDetailSheet.swift */ = {isa = PBXFileReference; lastKnownFileType = sourcecode.swift; path = GitCommitDetailSheet.swift; sourceTree = "<group>"; };
		F100000000000038 /* ImagePicker.swift */ = {isa = PBXFileReference; lastKnownFileType = sourcecode.swift; path = ImagePicker.swift; sourceTree = "<group>"; };
		F100000000000080 /* DocumentPicker.swift */ = {isa = PBXFileReference; lastKnownFileType = sourcecode.swift; path = DocumentPicker.swift; sourceTree = "<group>"; };
		F100000000000039 /* FileComponents.swift */ = {isa = PBXFileReference; lastKnownFileType = sourcecode.swift; path = FileComponents.swift; sourceTree = "<group>"; };
		F100000000000040 /* CacheManager.swift */ = {isa = PBXFileReference; lastKnownFileType = sourcecode.swift; path = CacheManager.swift; sourceTree = "<group>"; };
		F100000000000041 /* ThemeManager.swift */ = {isa = PBXFileReference; lastKnownFileType = sourcecode.swift; path = ThemeManager.swift; sourceTree = "<group>"; };
		F100000000000043 /* SavedHostsManager.swift */ = {isa = PBXFileReference; lastKnownFileType = sourcecode.swift; path = SavedHostsManager.swift; sourceTree = "<group>"; };
		F100000000000050 /* Suggestion.swift */ = {isa = PBXFileReference; lastKnownFileType = sourcecode.swift; path = Suggestion.swift; sourceTree = "<group>"; };
		F100000000000051 /* SuggestionOverlay.swift */ = {isa = PBXFileReference; lastKnownFileType = sourcecode.swift; path = SuggestionOverlay.swift; sourceTree = "<group>"; };
		F100000000000070 /* LogManager.swift */ = {isa = PBXFileReference; lastKnownFileType = sourcecode.swift; path = LogManager.swift; sourceTree = "<group>"; };
		F100000000000071 /* LogViewerView.swift */ = {isa = PBXFileReference; lastKnownFileType = sourcecode.swift; path = LogViewerView.swift; sourceTree = "<group>"; };
		F100000000000090 /* ImageViewerView.swift */ = {isa = PBXFileReference; lastKnownFileType = sourcecode.swift; path = ImageViewerView.swift; sourceTree = "<group>"; };
		F100000000000091 /* VideoPlayerView.swift */ = {isa = PBXFileReference; lastKnownFileType = sourcecode.swift; path = VideoPlayerView.swift; sourceTree = "<group>"; };
		F100000000000092 /* AudioPlayerView.swift */ = {isa = PBXFileReference; lastKnownFileType = sourcecode.swift; path = AudioPlayerView.swift; sourceTree = "<group>"; };
		F100000000000093 /* BinaryFileView.swift */ = {isa = PBXFileReference; lastKnownFileType = sourcecode.swift; path = BinaryFileView.swift; sourceTree = "<group>"; };
		F100000000000094 /* PDFViewerView.swift */ = {isa = PBXFileReference; lastKnownFileType = sourcecode.swift; path = PDFViewerView.swift; sourceTree = "<group>"; };
		G100000000000001 /* ContentBlock.swift */ = {isa = PBXFileReference; lastKnownFileType = sourcecode.swift; path = ContentBlock.swift; sourceTree = "<group>"; };
		H100000000000001 /* Agent.swift */ = {isa = PBXFileReference; lastKnownFileType = sourcecode.swift; path = Agent.swift; sourceTree = "<group>"; };
		H100000000000002 /* ChatManager.swift */ = {isa = PBXFileReference; lastKnownFileType = sourcecode.swift; path = ChatManager.swift; sourceTree = "<group>"; };
		H100000000000003 /* ChatTabView.swift */ = {isa = PBXFileReference; lastKnownFileType = sourcecode.swift; path = ChatTabView.swift; sourceTree = "<group>"; };
		H100000000000004 /* ChatListView.swift */ = {isa = PBXFileReference; lastKnownFileType = sourcecode.swift; path = ChatListView.swift; sourceTree = "<group>"; };
		H100000000000005 /* ChatSessionView.swift */ = {isa = PBXFileReference; lastKnownFileType = sourcecode.swift; path = ChatSessionView.swift; sourceTree = "<group>"; };
		H100000000000006 /* ChatInputBar.swift */ = {isa = PBXFileReference; lastKnownFileType = sourcecode.swift; path = ChatInputBar.swift; sourceTree = "<group>"; };
		H100000000000007 /* ChatMessageView.swift */ = {isa = PBXFileReference; lastKnownFileType = sourcecode.swift; path = ChatMessageView.swift; sourceTree = "<group>"; };
		H100000000000008 /* ToolCallBlockView.swift */ = {isa = PBXFileReference; lastKnownFileType = sourcecode.swift; path = ToolCallBlockView.swift; sourceTree = "<group>"; };
		H100000000000009 /* ChatMarkdownView.swift */ = {isa = PBXFileReference; lastKnownFileType = sourcecode.swift; path = ChatMarkdownView.swift; sourceTree = "<group>"; };
		H10000000000000A /* ChatModePickerView.swift */ = {isa = PBXFileReference; lastKnownFileType = sourcecode.swift; path = ChatModePickerView.swift; sourceTree = "<group>"; };
		H10000000000000B /* NewChatSheet.swift */ = {isa = PBXFileReference; lastKnownFileType = sourcecode.swift; path = NewChatSheet.swift; sourceTree = "<group>"; };
		H10000000000000C /* ConversationManagementSheet.swift */ = {isa = PBXFileReference; lastKnownFileType = sourcecode.swift; path = ConversationManagementSheet.swift; sourceTree = "<group>"; };
		H10000000000000D /* BatchApprovalView.swift */ = {isa = PBXFileReference; lastKnownFileType = sourcecode.swift; path = BatchApprovalView.swift; sourceTree = "<group>"; };
/* End PBXFileReference section */

/* Begin PBXFrameworksBuildPhase section */
		F200000000000001 /* Frameworks */ = {
			isa = PBXFrameworksBuildPhase;
			buildActionMask = 2147483647;
			files = (
				96E84BCC2F272E4800B612F2 /* SwiftTerm in Frameworks */,
				B100000000000003 /* SyntaxHighlight in Frameworks */,
			);
			runOnlyForDeploymentPostprocessing = 0;
		};
/* End PBXFrameworksBuildPhase section */

/* Begin PBXGroup section */
		9629EE612F2830E2007E14A7 /* Recovered References */ = {
			isa = PBXGroup;
			children = (
			);
			name = "Recovered References";
			sourceTree = "<group>";
		};
		96E84BD72F272EE700B612F2 /* Terminals */ = {
			isa = PBXGroup;
			children = (
				96E84BD42F272EE700B612F2 /* SwiftTermWrapper.swift */,
				96E84BD52F272EE700B612F2 /* TerminalListView.swift */,
				96E84BD62F272EE700B612F2 /* TerminalView.swift */,
				A200000000000001 /* XTermWebView.swift */,
			);
			path = Terminals;
			sourceTree = "<group>";
		};
		A300000000000001 /* Resources */ = {
			isa = PBXGroup;
			children = (
				A200000000000002 /* xterm.html */,
				C100000000000010 /* Grammars */,
				C100000000000011 /* Themes */,
			);
			path = Resources;
			sourceTree = "<group>";
		};
		F300000000000001 = {
			isa = PBXGroup;
			children = (
				F300000000000002 /* CursorMobile */,
				F300000000000099 /* Products */,
				9629EE612F2830E2007E14A7 /* Recovered References */,
			);
			sourceTree = "<group>";
		};
		F300000000000002 /* CursorMobile */ = {
			isa = PBXGroup;
			children = (
				F100000000000001 /* CursorMobileApp.swift */,
				F100000000000002 /* ContentView.swift */,
				F300000000000003 /* Models */,
				F300000000000004 /* Services */,
				F300000000000005 /* Views */,
				A300000000000001 /* Resources */,
				F100000000000003 /* Assets.xcassets */,
				F100000000000021 /* Info.plist */,
				E100000000000020 /* AppIconForest@2x.png */,
				E100000000000021 /* AppIconForest@3x.png */,
				E100000000000022 /* AppIconDesert@2x.png */,
				E100000000000023 /* AppIconDesert@3x.png */,
				E100000000000024 /* AppIconMono@2x.png */,
				E100000000000025 /* AppIconMono@3x.png */,
				E100000000000026 /* AppIconNight@2x.png */,
				E100000000000027 /* AppIconNight@3x.png */,
			);
			path = CursorMobile;
			sourceTree = "<group>";
		};
		F300000000000003 /* Models */ = {
			isa = PBXGroup;
			children = (
				F100000000000005 /* Project.swift */,
				F100000000000006 /* FileItem.swift */,
				F100000000000007 /* Conversation.swift */,
				F100000000000008 /* SystemInfo.swift */,
				96E84BCD2F272E6F00B612F2 /* Terminal.swift */,
				F100000000000025 /* GitInfo.swift */,
				F10000000000002B /* GitFilterSettings.swift */,
				F100000000000050 /* Suggestion.swift */,
				G100000000000001 /* ContentBlock.swift */,
				H100000000000001 /* Agent.swift */,
			);
			path = Models;
			sourceTree = "<group>";
		};
		F300000000000004 /* Services */ = {
			isa = PBXGroup;
			children = (
				F100000000000009 /* AuthManager.swift */,
				F100000000000010 /* APIService.swift */,
				F100000000000011 /* WebSocketManager.swift */,
				F100000000000040 /* CacheManager.swift */,
				F100000000000041 /* ThemeManager.swift */,
				F100000000000043 /* SavedHostsManager.swift */,
				C100000000000001 /* SyntaxHighlightManager.swift */,
				F100000000000070 /* LogManager.swift */,
				H100000000000002 /* ChatManager.swift */,
			);
			path = Services;
			sourceTree = "<group>";
		};
		F300000000000005 /* Views */ = {
			isa = PBXGroup;
			children = (
				F100000000000004 /* MainTabView.swift */,
				F300000000000006 /* Auth */,
				F300000000000007 /* Projects */,
				F300000000000008 /* Files */,
				F300000000000010 /* Settings */,
				96E84BD72F272EE700B612F2 /* Terminals */,
				F300000000000012 /* Git */,
				H300000000000001 /* Chat */,
				F300000000000011 /* Components */,
			);
			path = Views;
			sourceTree = "<group>";
		};
		H300000000000001 /* Chat */ = {
			isa = PBXGroup;
			children = (
				H100000000000003 /* ChatTabView.swift */,
				H100000000000004 /* ChatListView.swift */,
				H100000000000005 /* ChatSessionView.swift */,
				H100000000000006 /* ChatInputBar.swift */,
				H100000000000007 /* ChatMessageView.swift */,
				H100000000000008 /* ToolCallBlockView.swift */,
				H100000000000009 /* ChatMarkdownView.swift */,
				H10000000000000A /* ChatModePickerView.swift */,
				H10000000000000B /* NewChatSheet.swift */,
				H10000000000000C /* ConversationManagementSheet.swift */,
				H10000000000000D /* BatchApprovalView.swift */,
			);
			path = Chat;
			sourceTree = "<group>";
		};
		F300000000000006 /* Auth */ = {
			isa = PBXGroup;
			children = (
				F100000000000012 /* LoginView.swift */,
				F100000000000013 /* QRScannerView.swift */,
			);
			path = Auth;
			sourceTree = "<group>";
		};
		F300000000000007 /* Projects */ = {
			isa = PBXGroup;
			children = (
				F100000000000014 /* ProjectsView.swift */,
				F100000000000015 /* ProjectDetailView.swift */,
				F100000000000022 /* ProjectFilesView.swift */,
				F100000000000024 /* ProjectSelectionDrawer.swift */,
				D100000000000003 /* FolderBrowserSheet.swift */,
			);
			path = Projects;
			sourceTree = "<group>";
		};
		F300000000000008 /* Files */ = {
			isa = PBXGroup;
			children = (
				F100000000000017 /* FileViewerSheet.swift */,
				F100000000000039 /* FileComponents.swift */,
				C100000000000002 /* HighlightedCodeView.swift */,
				C100000000000004 /* MarkdownPreviewView.swift */,
				F100000000000090 /* ImageViewerView.swift */,
				F100000000000091 /* VideoPlayerView.swift */,
				F100000000000092 /* AudioPlayerView.swift */,
				F100000000000093 /* BinaryFileView.swift */,
				F100000000000094 /* PDFViewerView.swift */,
			);
			path = Files;
			sourceTree = "<group>";
		};
		F300000000000010 /* Settings */ = {
			isa = PBXGroup;
			children = (
				F100000000000019 /* SettingsView.swift */,
				C100000000000003 /* SyntaxSettingsView.swift */,
				F100000000000071 /* LogViewerView.swift */,
			);
			path = Settings;
			sourceTree = "<group>";
		};
		F300000000000011 /* Components */ = {
			isa = PBXGroup;
			children = (
				F100000000000020 /* CommonViews.swift */,
				F100000000000080 /* DocumentPicker.swift */,
				F100000000000038 /* ImagePicker.swift */,
				D100000000000001 /* FloatingTabBar.swift */,
				D100000000000002 /* ToastView.swift */,
				F100000000000051 /* SuggestionOverlay.swift */,
			);
			path = Components;
			sourceTree = "<group>";
		};
		F300000000000012 /* Git */ = {
			isa = PBXGroup;
			children = (
				F100000000000026 /* GitView.swift */,
				F10000000000002A /* GitRepoSection.swift */,
				F100000000000027 /* GitCommitSheet.swift */,
				F100000000000028 /* GitBranchSheet.swift */,
				F100000000000029 /* GitDiffSheet.swift */,
				F10000000000002C /* GitFilterSheet.swift */,
				F10000000000002D /* GitGraphView.swift */,
				F10000000000002E /* GitCommitDetailSheet.swift */,
			);
			path = Git;
			sourceTree = "<group>";
		};
		F300000000000099 /* Products */ = {
			isa = PBXGroup;
			children = (
				F100000000000000 /* CursorMobile.app */,
			);
			name = Products;
			sourceTree = "<group>";
		};
/* End PBXGroup section */

/* Begin PBXNativeTarget section */
		F400000000000001 /* CursorMobile */ = {
			isa = PBXNativeTarget;
			buildConfigurationList = F600000000000001 /* Build configuration list for PBXNativeTarget "CursorMobile" */;
			buildPhases = (
				F500000000000001 /* Sources */,
				F200000000000001 /* Frameworks */,
				F500000000000002 /* Resources */,
			);
			buildRules = (
			);
			dependencies = (
			);
			name = CursorMobile;
			productName = CursorMobile;
			productReference = F100000000000000 /* CursorMobile.app */;
			productType = "com.apple.product-type.application";
		};
/* End PBXNativeTarget section */

/* Begin PBXProject section */
		F700000000000001 /* Project object */ = {
			isa = PBXProject;
			attributes = {
				BuildIndependentTargetsInParallel = 1;
				LastSwiftUpdateCheck = 1500;
				LastUpgradeCheck = 1500;
				TargetAttributes = {
					F400000000000001 = {
						CreatedOnToolsVersion = 15.0;
					};
				};
			};
			buildConfigurationList = F600000000000002 /* Build configuration list for PBXProject "CursorMobile" */;
			compatibilityVersion = "Xcode 14.0";
			developmentRegion = en;
			hasScannedForEncodings = 0;
			knownRegions = (
				en,
				Base,
			);
			mainGroup = F300000000000001;
			packageReferences = (
				96E84BCA2F272E4800B612F2 /* XCRemoteSwiftPackageReference "SwiftTerm" */,
				B100000000000001 /* XCRemoteSwiftPackageReference "SyntaxHighlight" */,
			);
			productRefGroup = F300000000000099 /* Products */;
			projectDirPath = "";
			projectRoot = "";
			targets = (
				F400000000000001 /* CursorMobile */,
			);
		};
/* End PBXProject section */

/* Begin PBXResourcesBuildPhase section */
		F500000000000002 /* Resources */ = {
			isa = PBXResourcesBuildPhase;
			buildActionMask = 2147483647;
			files = (
				F000000000000003 /* Assets.xcassets in Resources */,
				A100000000000002 /* xterm.html in Resources */,
				C000000000000010 /* Grammars in Resources */,
				C000000000000011 /* Themes in Resources */,
				E000000000000020 /* AppIconForest@2x.png in Resources */,
				E000000000000021 /* AppIconForest@3x.png in Resources */,
				E000000000000022 /* AppIconDesert@2x.png in Resources */,
				E000000000000023 /* AppIconDesert@3x.png in Resources */,
				E000000000000024 /* AppIconMono@2x.png in Resources */,
				E000000000000025 /* AppIconMono@3x.png in Resources */,
				E000000000000026 /* AppIconNight@2x.png in Resources */,
				E000000000000027 /* AppIconNight@3x.png in Resources */,
			);
			runOnlyForDeploymentPostprocessing = 0;
		};
/* End PBXResourcesBuildPhase section */

/* Begin PBXSourcesBuildPhase section */
		F500000000000001 /* Sources */ = {
			isa = PBXSourcesBuildPhase;
			buildActionMask = 2147483647;
			files = (
				F000000000000001 /* CursorMobileApp.swift in Sources */,
				F000000000000002 /* ContentView.swift in Sources */,
				F000000000000004 /* MainTabView.swift in Sources */,
				F000000000000005 /* Project.swift in Sources */,
				F000000000000006 /* FileItem.swift in Sources */,
				F000000000000007 /* Conversation.swift in Sources */,
				F000000000000008 /* SystemInfo.swift in Sources */,
				F000000000000009 /* AuthManager.swift in Sources */,
				F000000000000040 /* CacheManager.swift in Sources */,
				F000000000000041 /* ThemeManager.swift in Sources */,
				F000000000000043 /* SavedHostsManager.swift in Sources */,
				F000000000000070 /* LogManager.swift in Sources */,
				F000000000000010 /* APIService.swift in Sources */,
				F000000000000011 /* WebSocketManager.swift in Sources */,
				F000000000000012 /* LoginView.swift in Sources */,
				F000000000000013 /* QRScannerView.swift in Sources */,
				F000000000000014 /* ProjectsView.swift in Sources */,
				F000000000000015 /* ProjectDetailView.swift in Sources */,
				96E84BD82F272EE700B612F2 /* SwiftTermWrapper.swift in Sources */,
				96E84BD92F272EE700B612F2 /* TerminalListView.swift in Sources */,
				96E84BDA2F272EE700B612F2 /* TerminalView.swift in Sources */,
				A100000000000001 /* XTermWebView.swift in Sources */,
				F000000000000017 /* FileViewerSheet.swift in Sources */,
				F000000000000039 /* FileComponents.swift in Sources */,
				F000000000000090 /* ImageViewerView.swift in Sources */,
				F000000000000091 /* VideoPlayerView.swift in Sources */,
				F000000000000092 /* AudioPlayerView.swift in Sources */,
				F000000000000093 /* BinaryFileView.swift in Sources */,
				F000000000000094 /* PDFViewerView.swift in Sources */,
				G000000000000001 /* ContentBlock.swift in Sources */,
				F000000000000019 /* SettingsView.swift in Sources */,
				F000000000000071 /* LogViewerView.swift in Sources */,
				F000000000000020 /* CommonViews.swift in Sources */,
				F000000000000038 /* ImagePicker.swift in Sources */,
				F000000000000080 /* DocumentPicker.swift in Sources */,
				F000000000000021 /* ProjectFilesView.swift in Sources */,
				F000000000000024 /* ProjectSelectionDrawer.swift in Sources */,
				D000000000000003 /* FolderBrowserSheet.swift in Sources */,
				96E84BCE2F272E6F00B612F2 /* Terminal.swift in Sources */,
				F000000000000025 /* GitInfo.swift in Sources */,
				F000000000000026 /* GitView.swift in Sources */,
				F000000000000027 /* GitCommitSheet.swift in Sources */,
				F000000000000028 /* GitBranchSheet.swift in Sources */,
				F000000000000029 /* GitDiffSheet.swift in Sources */,
				F00000000000002A /* GitRepoSection.swift in Sources */,
				F00000000000002B /* GitFilterSettings.swift in Sources */,
				F00000000000002C /* GitFilterSheet.swift in Sources */,
				F00000000000002D /* GitGraphView.swift in Sources */,
				F00000000000002E /* GitCommitDetailSheet.swift in Sources */,
				C000000000000001 /* SyntaxHighlightManager.swift in Sources */,
				C000000000000002 /* HighlightedCodeView.swift in Sources */,
				C000000000000004 /* MarkdownPreviewView.swift in Sources */,
				C000000000000003 /* SyntaxSettingsView.swift in Sources */,
				D000000000000001 /* FloatingTabBar.swift in Sources */,
				D000000000000002 /* ToastView.swift in Sources */,
				F000000000000050 /* Suggestion.swift in Sources */,
				F000000000000051 /* SuggestionOverlay.swift in Sources */,
				H000000000000001 /* Agent.swift in Sources */,
				H000000000000002 /* ChatManager.swift in Sources */,
				H000000000000003 /* ChatTabView.swift in Sources */,
				H000000000000004 /* ChatListView.swift in Sources */,
				H000000000000005 /* ChatSessionView.swift in Sources */,
				H000000000000006 /* ChatInputBar.swift in Sources */,
				H000000000000007 /* ChatMessageView.swift in Sources */,
				H000000000000008 /* ToolCallBlockView.swift in Sources */,
				H000000000000009 /* ChatMarkdownView.swift in Sources */,
				H00000000000000A /* ChatModePickerView.swift in Sources */,
				H00000000000000B /* NewChatSheet.swift in Sources */,
				H00000000000000C /* ConversationManagementSheet.swift in Sources */,
				H00000000000000D /* BatchApprovalView.swift in Sources */,
			);
			runOnlyForDeploymentPostprocessing = 0;
		};
/* End PBXSourcesBuildPhase section */

/* Begin XCBuildConfiguration section */
		F800000000000001 /* Debug */ = {
			isa = XCBuildConfiguration;
			buildSettings = {
				ALWAYS_SEARCH_USER_PATHS = NO;
				ASSETCATALOG_COMPILER_GENERATE_SWIFT_ASSET_SYMBOL_EXTENSIONS = YES;
				CLANG_ANALYZER_NONNULL = YES;
				CLANG_ANALYZER_NUMBER_OBJECT_CONVERSION = YES_AGGRESSIVE;
				CLANG_CXX_LANGUAGE_STANDARD = "gnu++20";
				CLANG_ENABLE_MODULES = YES;
				CLANG_ENABLE_OBJC_ARC = YES;
				CLANG_ENABLE_OBJC_WEAK = YES;
				CLANG_WARN_BLOCK_CAPTURE_AUTORELEASING = YES;
				CLANG_WARN_BOOL_CONVERSION = YES;
				CLANG_WARN_COMMA = YES;
				CLANG_WARN_CONSTANT_CONVERSION = YES;
				CLANG_WARN_DEPRECATED_OBJC_IMPLEMENTATIONS = YES;
				CLANG_WARN_DIRECT_OBJC_ISA_USAGE = YES_ERROR;
				CLANG_WARN_DOCUMENTATION_COMMENTS = YES;
				CLANG_WARN_EMPTY_BODY = YES;
				CLANG_WARN_ENUM_CONVERSION = YES;
				CLANG_WARN_INFINITE_RECURSION = YES;
				CLANG_WARN_INT_CONVERSION = YES;
				CLANG_WARN_NON_LITERAL_NULL_CONVERSION = YES;
				CLANG_WARN_OBJC_IMPLICIT_RETAIN_SELF = YES;
				CLANG_WARN_OBJC_LITERAL_CONVERSION = YES;
				CLANG_WARN_OBJC_ROOT_CLASS = YES_ERROR;
				CLANG_WARN_QUOTED_INCLUDE_IN_FRAMEWORK_HEADER = YES;
				CLANG_WARN_RANGE_LOOP_ANALYSIS = YES;
				CLANG_WARN_STRICT_PROTOTYPES = YES;
				CLANG_WARN_SUSPICIOUS_MOVE = YES;
				CLANG_WARN_UNGUARDED_AVAILABILITY = YES_AGGRESSIVE;
				CLANG_WARN_UNREACHABLE_CODE = YES;
				CLANG_WARN__DUPLICATE_METHOD_MATCH = YES;
				COPY_PHASE_STRIP = NO;
				DEBUG_INFORMATION_FORMAT = dwarf;
				ENABLE_STRICT_OBJC_MSGSEND = YES;
				ENABLE_TESTABILITY = YES;
				ENABLE_USER_SCRIPT_SANDBOXING = YES;
				GCC_C_LANGUAGE_STANDARD = gnu17;
				GCC_DYNAMIC_NO_PIC = NO;
				GCC_NO_COMMON_BLOCKS = YES;
				GCC_OPTIMIZATION_LEVEL = 0;
				GCC_PREPROCESSOR_DEFINITIONS = (
					"DEBUG=1",
					"$(inherited)",
				);
				GCC_WARN_64_TO_32_BIT_CONVERSION = YES;
				GCC_WARN_ABOUT_RETURN_TYPE = YES_ERROR;
				GCC_WARN_UNDECLARED_SELECTOR = YES;
				GCC_WARN_UNINITIALIZED_AUTOS = YES_AGGRESSIVE;
				GCC_WARN_UNUSED_FUNCTION = YES;
				GCC_WARN_UNUSED_VARIABLE = YES;
				IPHONEOS_DEPLOYMENT_TARGET = 17.0;
				LOCALIZATION_PREFERS_STRING_CATALOGS = YES;
				MTL_ENABLE_DEBUG_INFO = INCLUDE_SOURCE;
				MTL_FAST_MATH = YES;
				ONLY_ACTIVE_ARCH = YES;
				SDKROOT = iphoneos;
				SWIFT_ACTIVE_COMPILATION_CONDITIONS = "DEBUG $(inherited)";
				SWIFT_OPTIMIZATION_LEVEL = "-Onone";
			};
			name = Debug;
		};
		F800000000000002 /* Release */ = {
			isa = XCBuildConfiguration;
			buildSettings = {
				ALWAYS_SEARCH_USER_PATHS = NO;
				ASSETCATALOG_COMPILER_GENERATE_SWIFT_ASSET_SYMBOL_EXTENSIONS = YES;
				CLANG_ANALYZER_NONNULL = YES;
				CLANG_ANALYZER_NUMBER_OBJECT_CONVERSION = YES_AGGRESSIVE;
				CLANG_CXX_LANGUAGE_STANDARD = "gnu++20";
				CLANG_ENABLE_MODULES = YES;
				CLANG_ENABLE_OBJC_ARC = YES;
				CLANG_ENABLE_OBJC_WEAK = YES;
				CLANG_WARN_BLOCK_CAPTURE_AUTORELEASING = YES;
				CLANG_WARN_BOOL_CONVERSION = YES;
				CLANG_WARN_COMMA = YES;
				CLANG_WARN_CONSTANT_CONVERSION = YES;
				CLANG_WARN_DEPRECATED_OBJC_IMPLEMENTATIONS = YES;
				CLANG_WARN_DIRECT_OBJC_ISA_USAGE = YES_ERROR;
				CLANG_WARN_DOCUMENTATION_COMMENTS = YES;
				CLANG_WARN_EMPTY_BODY = YES;
				CLANG_WARN_ENUM_CONVERSION = YES;
				CLANG_WARN_INFINITE_RECURSION = YES;
				CLANG_WARN_INT_CONVERSION = YES;
				CLANG_WARN_NON_LITERAL_NULL_CONVERSION = YES;
				CLANG_WARN_OBJC_IMPLICIT_RETAIN_SELF = YES;
				CLANG_WARN_OBJC_LITERAL_CONVERSION = YES;
				CLANG_WARN_OBJC_ROOT_CLASS = YES_ERROR;
				CLANG_WARN_QUOTED_INCLUDE_IN_FRAMEWORK_HEADER = YES;
				CLANG_WARN_RANGE_LOOP_ANALYSIS = YES;
				CLANG_WARN_STRICT_PROTOTYPES = YES;
				CLANG_WARN_SUSPICIOUS_MOVE = YES;
				CLANG_WARN_UNGUARDED_AVAILABILITY = YES_AGGRESSIVE;
				CLANG_WARN_UNREACHABLE_CODE = YES;
				CLANG_WARN__DUPLICATE_METHOD_MATCH = YES;
				COPY_PHASE_STRIP = NO;
				DEBUG_INFORMATION_FORMAT = "dwarf-with-dsym";
				ENABLE_NS_ASSERTIONS = NO;
				ENABLE_STRICT_OBJC_MSGSEND = YES;
				ENABLE_USER_SCRIPT_SANDBOXING = YES;
				GCC_C_LANGUAGE_STANDARD = gnu17;
				GCC_NO_COMMON_BLOCKS = YES;
				GCC_WARN_64_TO_32_BIT_CONVERSION = YES;
				GCC_WARN_ABOUT_RETURN_TYPE = YES_ERROR;
				GCC_WARN_UNDECLARED_SELECTOR = YES;
				GCC_WARN_UNINITIALIZED_AUTOS = YES_AGGRESSIVE;
				GCC_WARN_UNUSED_FUNCTION = YES;
				GCC_WARN_UNUSED_VARIABLE = YES;
				IPHONEOS_DEPLOYMENT_TARGET = 17.0;
				LOCALIZATION_PREFERS_STRING_CATALOGS = YES;
				MTL_ENABLE_DEBUG_INFO = NO;
				MTL_FAST_MATH = YES;
				SDKROOT = iphoneos;
				SWIFT_COMPILATION_MODE = wholemodule;
				VALIDATE_PRODUCT = YES;
			};
			name = Release;
		};
		F800000000000003 /* Debug */ = {
			isa = XCBuildConfiguration;
			buildSettings = {
				ASSETCATALOG_COMPILER_APPICON_NAME = AppIcon;
				ASSETCATALOG_COMPILER_GLOBAL_ACCENT_COLOR_NAME = AccentColor;
				CODE_SIGN_STYLE = Automatic;
				CURRENT_PROJECT_VERSION = 1;
				DEVELOPMENT_TEAM = L7H7BM3TDV;
				ENABLE_PREVIEWS = YES;
				GENERATE_INFOPLIST_FILE = YES;
				INFOPLIST_FILE = CursorMobile/Info.plist;
				INFOPLIST_KEY_CFBundleDisplayName = "Napp Trapp";
				INFOPLIST_KEY_ITSAppUsesNonExemptEncryption = NO;
				INFOPLIST_KEY_LSApplicationCategoryType = "public.app-category.developer-tools";
				INFOPLIST_KEY_NSCameraUsageDescription = "Camera access is needed to scan QR codes for easy connection";
				INFOPLIST_KEY_NSLocalNetworkUsageDescription = "Local network access is needed to connect to your Cursor server";
				INFOPLIST_KEY_UIApplicationSupportsIndirectInputEvents = YES;
				INFOPLIST_KEY_UISupportedInterfaceOrientations = "UIInterfaceOrientationPortrait UIInterfaceOrientationLandscapeLeft UIInterfaceOrientationLandscapeRight";
				INFOPLIST_KEY_UISupportedInterfaceOrientations_iPad = "UIInterfaceOrientationPortrait UIInterfaceOrientationPortraitUpsideDown UIInterfaceOrientationLandscapeLeft UIInterfaceOrientationLandscapeRight";
				INFOPLIST_KEY_UISupportedInterfaceOrientations_iPhone = "UIInterfaceOrientationPortrait UIInterfaceOrientationLandscapeLeft UIInterfaceOrientationLandscapeRight";
				LD_RUNPATH_SEARCH_PATHS = (
					"$(inherited)",
					"@executable_path/Frameworks",
				);
				MARKETING_VERSION = 1.0.0;
				PRODUCT_BUNDLE_IDENTIFIER = com.lovelesslabstx;
				PRODUCT_NAME = "$(TARGET_NAME)";
				SWIFT_EMIT_LOC_STRINGS = YES;
				SWIFT_VERSION = 5.0;
				TARGETED_DEVICE_FAMILY = "1,2";
			};
			name = Debug;
		};
		F800000000000004 /* Release */ = {
			isa = XCBuildConfiguration;
			buildSettings = {
				ASSETCATALOG_COMPILER_APPICON_NAME = AppIcon;
				ASSETCATALOG_COMPILER_GLOBAL_ACCENT_COLOR_NAME = AccentColor;
				CODE_SIGN_STYLE = Automatic;
				CURRENT_PROJECT_VERSION = 1;
				DEVELOPMENT_TEAM = L7H7BM3TDV;
				ENABLE_PREVIEWS = YES;
				GENERATE_INFOPLIST_FILE = YES;
				INFOPLIST_FILE = CursorMobile/Info.plist;
				INFOPLIST_KEY_CFBundleDisplayName = "Napp Trapp";
				INFOPLIST_KEY_ITSAppUsesNonExemptEncryption = NO;
				INFOPLIST_KEY_LSApplicationCategoryType = "public.app-category.developer-tools";
				INFOPLIST_KEY_NSCameraUsageDescription = "Camera access is needed to scan QR codes for easy connection";
				INFOPLIST_KEY_NSLocalNetworkUsageDescription = "Local network access is needed to connect to your Cursor server";
				INFOPLIST_KEY_UIApplicationSupportsIndirectInputEvents = YES;
				INFOPLIST_KEY_UISupportedInterfaceOrientations = "UIInterfaceOrientationPortrait UIInterfaceOrientationLandscapeLeft UIInterfaceOrientationLandscapeRight";
				INFOPLIST_KEY_UISupportedInterfaceOrientations_iPad = "UIInterfaceOrientationPortrait UIInterfaceOrientationPortraitUpsideDown UIInterfaceOrientationLandscapeLeft UIInterfaceOrientationLandscapeRight";
				INFOPLIST_KEY_UISupportedInterfaceOrientations_iPhone = "UIInterfaceOrientationPortrait UIInterfaceOrientationLandscapeLeft UIInterfaceOrientationLandscapeRight";
				LD_RUNPATH_SEARCH_PATHS = (
					"$(inherited)",
					"@executable_path/Frameworks",
				);
				MARKETING_VERSION = 1.0.0;
				PRODUCT_BUNDLE_IDENTIFIER = com.lovelesslabstx;
				PRODUCT_NAME = "$(TARGET_NAME)";
				SWIFT_EMIT_LOC_STRINGS = YES;
				SWIFT_VERSION = 5.0;
				TARGETED_DEVICE_FAMILY = "1,2";
			};
			name = Release;
		};
/* End XCBuildConfiguration section */

/* Begin XCConfigurationList section */
		F600000000000001 /* Build configuration list for PBXNativeTarget "CursorMobile" */ = {
			isa = XCConfigurationList;
			buildConfigurations = (
				F800000000000003 /* Debug */,
				F800000000000004 /* Release */,
			);
			defaultConfigurationIsVisible = 0;
			defaultConfigurationName = Release;
		};
		F600000000000002 /* Build configuration list for PBXProject "CursorMobile" */ = {
			isa = XCConfigurationList;
			buildConfigurations = (
				F800000000000001 /* Debug */,
				F800000000000002 /* Release */,
			);
			defaultConfigurationIsVisible = 0;
			defaultConfigurationName = Release;
		};
/* End XCConfigurationList section */

/* Begin XCRemoteSwiftPackageReference section */
		96E84BCA2F272E4800B612F2 /* XCRemoteSwiftPackageReference "SwiftTerm" */ = {
			isa = XCRemoteSwiftPackageReference;
			repositoryURL = "https://github.com/migueldeicaza/SwiftTerm";
			requirement = {
				kind = upToNextMajorVersion;
				minimumVersion = 1.5.0;
			};
		};
		B100000000000001 /* XCRemoteSwiftPackageReference "SyntaxHighlight" */ = {
			isa = XCRemoteSwiftPackageReference;
			repositoryURL = "https://github.com/maoyama/SyntaxHighlight";
			requirement = {
				kind = upToNextMajorVersion;
				minimumVersion = 0.1.0;
			};
		};
/* End XCRemoteSwiftPackageReference section */

/* Begin XCSwiftPackageProductDependency section */
		96E84BCB2F272E4800B612F2 /* SwiftTerm */ = {
			isa = XCSwiftPackageProductDependency;
			package = 96E84BCA2F272E4800B612F2 /* XCRemoteSwiftPackageReference "SwiftTerm" */;
			productName = SwiftTerm;
		};
		B100000000000002 /* SyntaxHighlight */ = {
			isa = XCSwiftPackageProductDependency;
			package = B100000000000001 /* XCRemoteSwiftPackageReference "SyntaxHighlight" */;
			productName = SyntaxHighlight;
		};
/* End XCSwiftPackageProductDependency section */
	};
	rootObject = F700000000000001 /* Project object */;
}
